
Microsoft Visual Studio Solution File, Format Version 12.00
# 
Project("{FAE04EC0-301F-11D3-BF4B-00C04F79EFBC}") = "EducaNet.Tests", "EducaNet.Tests\EducaNet.Tests.csproj", "{1F43CC85-66B3-49CE-AF8A-45EBAD0D00A3}"
EndProject
Project("{2150E333-8FDC-42A3-9474-1A3956D46DE8}") = "src", "src", "{364FE3F9-80C0-423B-9690-C0F35DA82B6D}"
EndProject
Project("{FAE04EC0-301F-11D3-BF4B-00C04F79EFBC}") = "EducaNet.API", "src\EducaNet.API\EducaNet.API.csproj", "{AE9DF381-0D69-46B5-94BA-A9A490652CA1}"
EndProject
Project("{FAE04EC0-301F-11D3-BF4B-00C04F79EFBC}") = "EducaNet.Application", "src\EducaNet.Application\EducaNet.Application.csproj", "{D605FABB-CE91-4CE7-BF82-CEB21CD462FD}"
EndProject
Project("{FAE04EC0-301F-11D3-BF4B-00C04F79EFBC}") = "EducaNet.Domain", "src\EducaNet.Domain\EducaNet.Domain.csproj", "{0CB15C78-7488-4F65-B812-26312A428725}"
EndProject
Project("{FAE04EC0-301F-11D3-BF4B-00C04F79EFBC}") = "EducaNet.Infrastructure", "src\EducaNet.Infrastructure\EducaNet.Infrastructure.csproj", "{CC589A29-53B4-41FC-8838-24EE4D356B7D}"
EndProject
Global
	GlobalSection(SolutionConfigurationPlatforms) = preSolution
		Debug|Any CPU = Debug|Any CPU
		Release|Any CPU = Release|Any CPU
	EndGlobalSection
	GlobalSection(ProjectConfigurationPlatforms) = postSolution
		{1F43CC85-66B3-49CE-AF8A-45EBAD0D00A3}.Debug|Any CPU.ActiveCfg = Debug|Any CPU
		{1F43CC85-66B3-49CE-AF8A-45EBAD0D00A3}.Debug|Any CPU.Build.0 = Debug|Any CPU
		{1F43CC85-66B3-49CE-AF8A-45EBAD0D00A3}.Release|Any CPU.ActiveCfg = Release|Any CPU
		{1F43CC85-66B3-49CE-AF8A-45EBAD0D00A3}.Release|Any CPU.Build.0 = Release|Any CPU
		{AE9DF381-0D69-46B5-94BA-A9A490652CA1}.Debug|Any CPU.ActiveCfg = Debug|Any CPU
		{AE9DF381-0D69-46B5-94BA-A9A490652CA1}.Debug|Any CPU.Build.0 = Debug|Any CPU
		{AE9DF381-0D69-46B5-94BA-A9A490652CA1}.Release|Any CPU.ActiveCfg = Release|Any CPU
		{AE9DF381-0D69-46B5-94BA-A9A490652CA1}.Release|Any CPU.Build.0 = Release|Any CPU
		{D605FABB-CE91-4CE7-BF82-CEB21CD462FD}.Debug|Any CPU.ActiveCfg = Debug|Any CPU
		{D605FABB-CE91-4CE7-BF82-CEB21CD462FD}.Debug|Any CPU.Build.0 = Debug|Any CPU
		{D605FABB-CE91-4CE7-BF82-CEB21CD462FD}.Release|Any CPU.ActiveCfg = Release|Any CPU
		{D605FABB-CE91-4CE7-BF82-CEB21CD462FD}.Release|Any CPU.Build.0 = Release|Any CPU
		{0CB15C78-7488-4F65-B812-26312A428725}.Debug|Any CPU.ActiveCfg = Debug|Any CPU
		{0CB15C78-7488-4F65-B812-26312A428725}.Debug|Any CPU.Build.0 = Debug|Any CPU
		{0CB15C78-7488-4F65-B812-26312A428725}.Release|Any CPU.ActiveCfg = Release|Any CPU
		{0CB15C78-7488-4F65-B812-26312A428725}.Release|Any CPU.Build.0 = Release|Any CPU
		{CC589A29-53B4-41FC-8838-24EE4D356B7D}.Debug|Any CPU.ActiveCfg = Debug|Any CPU
		{CC589A29-53B4-41FC-8838-24EE4D356B7D}.Debug|Any CPU.Build.0 = Debug|Any CPU
		{CC589A29-53B4-41FC-8838-24EE4D356B7D}.Release|Any CPU.ActiveCfg = Release|Any CPU
		{CC589A29-53B4-41FC-8838-24EE4D356B7D}.Release|Any CPU.Build.0 = Release|Any CPU
	EndGlobalSection
	GlobalSection(NestedProjects) = preSolution
		{AE9DF381-0D69-46B5-94BA-A9A490652CA1} = {364FE3F9-80C0-423B-9690-C0F35DA82B6D}
		{D605FABB-CE91-4CE7-BF82-CEB21CD462FD} = {364FE3F9-80C0-423B-9690-C0F35DA82B6D}
		{0CB15C78-7488-4F65-B812-26312A428725} = {364FE3F9-80C0-423B-9690-C0F35DA82B6D}
		{CC589A29-53B4-41FC-8838-24EE4D356B7D} = {364FE3F9-80C0-423B-9690-C0F35DA82B6D}
	EndGlobalSection
EndGlobal
